
Microsoft Visual Studio Solution File, Format Version 12.00
# Visual Studio Version 17
VisualStudioVersion = 17.5.002.0
MinimumVisualStudioVersion = 10.0.40219.1
Project("{9A19103F-16F7-4668-BE54-9A1E7A4F7556}") = "WEB452_Assignments", "WEB452_Assignments.csproj", "{0E8DC0D8-5047-4659-ABF2-3D5E2B63E63C}"
EndProject
Global
	GlobalSection(SolutionConfigurationPlatforms) = preSolution
		Debug|Any CPU = Debug|Any CPU
		Release|Any CPU = Release|Any CPU
	EndGlobalSection
	GlobalSection(ProjectConfigurationPlatforms) = postSolution
		{0E8DC0D8-5047-4659-ABF2-3D5E2B63E63C}.Debug|Any CPU.ActiveCfg = Debug|Any CPU
		{0E8DC0D8-5047-4659-ABF2-3D5E2B63E63C}.Debug|Any CPU.Build.0 = Debug|Any CPU
		{0E8DC0D8-5047-4659-ABF2-3D5E2B63E63C}.Release|Any CPU.ActiveCfg = Release|Any CPU
		{0E8DC0D8-5047-4659-ABF2-3D5E2B63E63C}.Release|Any CPU.Build.0 = Release|Any CPU
	EndGlobalSection
	GlobalSection(SolutionProperties) = preSolution
		HideSolutionNode = FALSE
	EndGlobalSection
	GlobalSection(ExtensibilityGlobals) = postSolution
		SolutionGuid = {F079564A-41B5-4129-A2EA-9234A0BBCBC5}
	EndGlobalSection
EndGlobal
